{
	"name": "testyt",
	"version": "1.0.0",
	"lockfileVersion": 1,
	"requires": true,
	"dependencies": {
		"@types/events": {
			"version": "1.2.0",
			"resolved": "https://registry.npmjs.org/@types/events/-/events-1.2.0.tgz",
			"integrity": "sha512-KEIlhXnIutzKwRbQkGWb/I4HFqBuUykAdHgDED6xqwXJfONCjF5VoE0cXEiurh3XauygxzeDzgtXUqvLkxFzzA=="
		},
		"@types/formidable": {
			"version": "1.0.31",
			"resolved": "https://registry.npmjs.org/@types/formidable/-/formidable-1.0.31.tgz",
			"integrity": "sha512-dIhM5t8lRP0oWe2HF8MuPvdd1TpPTjhDMAqemcq6oIZQCBQTovhBAdTQ5L5veJB4pdQChadmHuxtB0YzqvfU3Q==",
			"requires": {
				"@types/events": "*",
				"@types/node": "*"
			}
		},
		"@types/node": {
			"version": "10.7.1",
			"resolved": "https://registry.npmjs.org/@types/node/-/node-10.7.1.tgz",
			"integrity": "sha512-EGoI4ylB/lPOaqXqtzAyL8HcgOuCtH2hkEaLmkueOYufsTFWBn4VCvlCDC2HW8Q+9iF+QVC3sxjDKQYjHQeZ9w=="
		},
		"accepts": {
			"version": "1.3.5",
			"resolved": "https://registry.npmjs.org/accepts/-/accepts-1.3.5.tgz",
			"integrity": "sha1-63d99gEXI6OxTopywIBcjoZ0a9I=",
			"requires": {
				"mime-types": "~2.1.18",
				"negotiator": "0.6.1"
			}
		},
		"ajv": {
			"version": "5.5.2",
			"resolved": "https://registry.npmjs.org/ajv/-/ajv-5.5.2.tgz",
			"integrity": "sha1-c7Xuyj+rZT49P5Qis0GtQiBdyWU=",
			"requires": {
				"co": "^4.6.0",
				"fast-deep-equal": "^1.0.0",
				"fast-json-stable-stringify": "^2.0.0",
				"json-schema-traverse": "^0.3.0"
			}
		},
		"any-promise": {
			"version": "1.3.0",
			"resolved": "https://registry.npmjs.org/any-promise/-/any-promise-1.3.0.tgz",
			"integrity": "sha1-q8av7tzqUugJzcA3au0845Y10X8="
		},
		"array.prototype.findindex": {
			"version": "2.0.2",
			"resolved": "https://registry.npmjs.org/array.prototype.findindex/-/array.prototype.findindex-2.0.2.tgz",
			"integrity": "sha1-WAaNJYh+9QXknckssAxE3O5VsGc=",
			"requires": {
				"define-properties": "^1.1.2",
				"es-abstract": "^1.5.0"
			}
		},
		"asn1": {
			"version": "0.2.4",
			"resolved": "https://registry.npmjs.org/asn1/-/asn1-0.2.4.tgz",
			"integrity": "sha512-jxwzQpLQjSmWXgwaCZE9Nz+glAG01yF1QnWgbhGwHI5A6FRIEY6IVqtHhIepHqI7/kyEyQEagBC5mBEFlIYvdg==",
			"requires": {
				"safer-buffer": "~2.1.0"
			}
		},
		"assert-plus": {
			"version": "1.0.0",
			"resolved": "https://registry.npmjs.org/assert-plus/-/assert-plus-1.0.0.tgz",
			"integrity": "sha1-8S4PPF13sLHN2RRpQuTpbB5N1SU="
		},
		"asynckit": {
			"version": "0.4.0",
			"resolved": "https://registry.npmjs.org/asynckit/-/asynckit-0.4.0.tgz",
			"integrity": "sha1-x57Zf380y48robyXkLzDZkdLS3k="
		},
		"aws-sign2": {
			"version": "0.7.0",
			"resolved": "https://registry.npmjs.org/aws-sign2/-/aws-sign2-0.7.0.tgz",
			"integrity": "sha1-tG6JCTSpWR8tL2+G1+ap8bP+dqg="
		},
		"aws4": {
			"version": "1.8.0",
			"resolved": "https://registry.npmjs.org/aws4/-/aws4-1.8.0.tgz",
			"integrity": "sha512-ReZxvNHIOv88FlT7rxcXIIC0fPt4KZqZbOlivyWtXLt8ESx84zd3kMC6iK5jVeS2qt+g7ftS7ye4fi06X5rtRQ=="
		},
		"babel-runtime": {
			"version": "6.26.0",
			"resolved": "https://registry.npmjs.org/babel-runtime/-/babel-runtime-6.26.0.tgz",
			"integrity": "sha1-llxwWGaOgrVde/4E/yM3vItWR/4=",
			"requires": {
				"core-js": "^2.4.0",
				"regenerator-runtime": "^0.11.0"
			}
		},
		"bcrypt-pbkdf": {
			"version": "1.0.2",
			"resolved": "https://registry.npmjs.org/bcrypt-pbkdf/-/bcrypt-pbkdf-1.0.2.tgz",
			"integrity": "sha1-pDAdOJtqQ/m2f/PKEaP2Y342Dp4=",
			"optional": true,
			"requires": {
				"tweetnacl": "^0.14.3"
			}
		},
		"bindings": {
			"version": "1.2.1",
			"resolved": "https://registry.npmjs.org/bindings/-/bindings-1.2.1.tgz",
			"integrity": "sha1-FK1hE4EtLTfXLme0ystLtyZQXxE="
		},
		"bl": {
			"version": "1.2.2",
			"resolved": "https://registry.npmjs.org/bl/-/bl-1.2.2.tgz",
			"integrity": "sha512-e8tQYnZodmebYDWGH7KMRvtzKXaJHx3BbilrgZCfvyLUYdKpK1t5PSPmpkny/SgiTSCnjfLW7v5rlONXVFkQEA==",
			"requires": {
				"readable-stream": "^2.3.5",
				"safe-buffer": "^5.1.1"
			}
		},
		"bluebird": {
			"version": "3.5.1",
			"resolved": "https://registry.npmjs.org/bluebird/-/bluebird-3.5.1.tgz",
			"integrity": "sha512-MKiLiV+I1AA596t9w1sQJ8jkiSr5+ZKi0WKrYGUn6d1Fx+Ij4tIj+m2WMQSGczs5jZVxV339chE8iwk6F64wjA=="
		},
		"bytes": {
			"version": "3.0.0",
			"resolved": "https://registry.npmjs.org/bytes/-/bytes-3.0.0.tgz",
			"integrity": "sha1-0ygVQE1olpn4Wk6k+odV3ROpYEg="
		},
		"cache-content-type": {
			"version": "1.0.1",
			"resolved": "https://registry.npmjs.org/cache-content-type/-/cache-content-type-1.0.1.tgz",
			"integrity": "sha512-IKufZ1o4Ut42YUrZSo8+qnMTrFuKkvyoLXUywKz9GJ5BrhOFGhLdkx9sG4KAnVvbY6kEcSFjLQul+DVmBm2bgA==",
			"requires": {
				"mime-types": "^2.1.18",
				"ylru": "^1.2.0"
			}
		},
		"caseless": {
			"version": "0.12.0",
			"resolved": "https://registry.npmjs.org/caseless/-/caseless-0.12.0.tgz",
			"integrity": "sha1-G2gcIf+EAzyCZUMJBolCDRhxUdw="
		},
		"cluster-key-slot": {
			"version": "1.0.12",
			"resolved": "https://registry.npmjs.org/cluster-key-slot/-/cluster-key-slot-1.0.12.tgz",
			"integrity": "sha512-21O0kGmvED5OJ7ZTdqQ5lQQ+sjuez33R+d35jZKLwqUb5mqcPHUsxOSzj61+LHVtxGZd1kShbQM3MjB/gBJkVg=="
		},
		"co": {
			"version": "4.6.0",
			"resolved": "https://registry.npmjs.org/co/-/co-4.6.0.tgz",
			"integrity": "sha1-bqa989hTrlTMuOR7+gvz+QMfsYQ="
		},
		"co-body": {
			"version": "5.2.0",
			"resolved": "https://registry.npmjs.org/co-body/-/co-body-5.2.0.tgz",
			"integrity": "sha512-sX/LQ7LqUhgyaxzbe7IqwPeTr2yfpfUIQ/dgpKo6ZI4y4lpQA0YxAomWIY+7I7rHWcG02PG+OuPREzMW/5tszQ==",
			"requires": {
				"inflation": "^2.0.0",
				"qs": "^6.4.0",
				"raw-body": "^2.2.0",
				"type-is": "^1.6.14"
			}
		},
		"combined-stream": {
			"version": "1.0.6",
			"resolved": "https://registry.npmjs.org/combined-stream/-/combined-stream-1.0.6.tgz",
			"integrity": "sha1-cj599ugBrFYTETp+RFqbactjKBg=",
			"requires": {
				"delayed-stream": "~1.0.0"
			}
		},
		"content-disposition": {
			"version": "0.5.2",
			"resolved": "https://registry.npmjs.org/content-disposition/-/content-disposition-0.5.2.tgz",
			"integrity": "sha1-DPaLud318r55YcOoUXjLhdunjLQ="
		},
		"content-type": {
			"version": "1.0.4",
			"resolved": "https://registry.npmjs.org/content-type/-/content-type-1.0.4.tgz",
			"integrity": "sha512-hIP3EEPs8tB9AT1L+NUqtwOAps4mk2Zob89MWXMHjHWg9milF/j4osnnQLXBCBFBk/tvIG/tUc9mOUJiPBhPXA=="
		},
		"cookies": {
			"version": "0.7.1",
			"resolved": "https://registry.npmjs.org/cookies/-/cookies-0.7.1.tgz",
			"integrity": "sha1-fIphX1SBxhq58WyDNzG8uPZjuZs=",
			"requires": {
				"depd": "~1.1.1",
				"keygrip": "~1.0.2"
			}
		},
		"core-js": {
			"version": "2.6.9",
			"resolved": "https://registry.npmjs.org/core-js/-/core-js-2.6.9.tgz",
			"integrity": "sha512-HOpZf6eXmnl7la+cUdMnLvUxKNqLUzJvgIziQ0DiF3JwSImNphIqdGqzj6hIKyX04MmV0poclQ7+wjWvxQyR2A=="
		},
		"core-util-is": {
			"version": "1.0.2",
			"resolved": "https://registry.npmjs.org/core-util-is/-/core-util-is-1.0.2.tgz",
			"integrity": "sha1-tf1UIgqivFq1eqtxQMlAdUUDwac="
		},
		"dashdash": {
			"version": "1.14.1",
			"resolved": "https://registry.npmjs.org/dashdash/-/dashdash-1.14.1.tgz",
			"integrity": "sha1-hTz6D3y+L+1d4gMmuN1YEDX24vA=",
			"requires": {
				"assert-plus": "^1.0.0"
			}
		},
		"deasync": {
			"version": "0.1.13",
			"resolved": "https://registry.npmjs.org/deasync/-/deasync-0.1.13.tgz",
			"integrity": "sha512-/6ngYM7AapueqLtvOzjv9+11N2fHDSrkxeMF1YPE20WIfaaawiBg+HZH1E5lHrcJxlKR42t6XPOEmMmqcAsU1g==",
			"requires": {
				"bindings": "~1.2.1",
				"nan": "^2.0.7"
			}
		},
		"debug": {
			"version": "3.1.0",
			"resolved": "https://registry.npmjs.org/debug/-/debug-3.1.0.tgz",
			"integrity": "sha512-OX8XqP7/1a9cqkxYw2yXss15f26NKWBpDXQd0/uK/KPqdQhxbPa994hnzjcE2VqQpDslf55723cKPUOGSmMY3g==",
			"requires": {
				"ms": "2.0.0"
			}
		},
		"deep-equal": {
			"version": "1.0.1",
			"resolved": "https://registry.npmjs.org/deep-equal/-/deep-equal-1.0.1.tgz",
			"integrity": "sha1-9dJgKStmDghO/0zbyfCK0yR0SLU="
		},
		"define-properties": {
			"version": "1.1.3",
			"resolved": "https://registry.npmjs.org/define-properties/-/define-properties-1.1.3.tgz",
			"integrity": "sha512-3MqfYKj2lLzdMSf8ZIZE/V+Zuy+BgD6f164e8K2w7dgnpKArBDerGYpM46IYYcjnkdPNMjPk9A6VFB8+3SKlXQ==",
			"requires": {
				"object-keys": "^1.0.12"
			}
		},
		"delayed-stream": {
			"version": "1.0.0",
			"resolved": "https://registry.npmjs.org/delayed-stream/-/delayed-stream-1.0.0.tgz",
			"integrity": "sha1-3zrhmayt+31ECqrgsp4icrJOxhk="
		},
		"delegates": {
			"version": "1.0.0",
			"resolved": "https://registry.npmjs.org/delegates/-/delegates-1.0.0.tgz",
			"integrity": "sha1-hMbhWbgZBP3KWaDvRM2HDTElD5o="
		},
		"denque": {
			"version": "1.4.1",
			"resolved": "https://registry.npmjs.org/denque/-/denque-1.4.1.tgz",
			"integrity": "sha512-OfzPuSZKGcgr96rf1oODnfjqBFmr1DVoc/TrItj3Ohe0Ah1C5WX5Baquw/9U9KovnQ88EqmJbD66rKYUQYN1tQ=="
		},
		"depd": {
			"version": "1.1.2",
			"resolved": "https://registry.npmjs.org/depd/-/depd-1.1.2.tgz",
			"integrity": "sha1-m81S4UwJd2PnSbJ0xDRu0uVgtak="
		},
		"destroy": {
			"version": "1.0.4",
			"resolved": "https://registry.npmjs.org/destroy/-/destroy-1.0.4.tgz",
			"integrity": "sha1-l4hXRCxEdJ5CBmE+N5RiBYJqvYA="
		},
		"ecc-jsbn": {
			"version": "0.1.2",
			"resolved": "https://registry.npmjs.org/ecc-jsbn/-/ecc-jsbn-0.1.2.tgz",
			"integrity": "sha1-OoOpBOVDUyh4dMVkt1SThoSamMk=",
			"optional": true,
			"requires": {
				"jsbn": "~0.1.0",
				"safer-buffer": "^2.1.0"
			}
		},
		"ee-first": {
			"version": "1.1.1",
			"resolved": "https://registry.npmjs.org/ee-first/-/ee-first-1.1.1.tgz",
			"integrity": "sha1-WQxhFWsK4vTwJVcyoViyZrxWsh0="
		},
		"end-of-stream": {
			"version": "1.4.1",
			"resolved": "https://registry.npmjs.org/end-of-stream/-/end-of-stream-1.4.1.tgz",
			"integrity": "sha512-1MkrZNvWTKCaigbn+W15elq2BB/L22nqrSY5DKlo3X6+vclJm8Bb5djXJBmEX6fS3+zCh/F4VBK5Z2KxJt4s2Q==",
			"requires": {
				"once": "^1.4.0"
			}
		},
		"error-inject": {
			"version": "1.0.0",
			"resolved": "https://registry.npmjs.org/error-inject/-/error-inject-1.0.0.tgz",
			"integrity": "sha1-4rPZG1Su1nLzCdlQ0VSFD6EdTzc="
		},
		"es-abstract": {
			"version": "1.12.0",
			"resolved": "https://registry.npmjs.org/es-abstract/-/es-abstract-1.12.0.tgz",
			"integrity": "sha512-C8Fx/0jFmV5IPoMOFPA9P9G5NtqW+4cOPit3MIuvR2t7Ag2K15EJTpxnHAYTzL+aYQJIESYeXZmDBfOBE1HcpA==",
			"requires": {
				"es-to-primitive": "^1.1.1",
				"function-bind": "^1.1.1",
				"has": "^1.0.1",
				"is-callable": "^1.1.3",
				"is-regex": "^1.0.4"
			}
		},
		"es-to-primitive": {
			"version": "1.1.1",
			"resolved": "https://registry.npmjs.org/es-to-primitive/-/es-to-primitive-1.1.1.tgz",
			"integrity": "sha1-RTVSSKiJeQNLZ5Lhm7gfK3l13Q0=",
			"requires": {
				"is-callable": "^1.1.1",
				"is-date-object": "^1.0.1",
				"is-symbol": "^1.0.1"
			}
		},
		"escape-html": {
			"version": "1.0.3",
			"resolved": "https://registry.npmjs.org/escape-html/-/escape-html-1.0.3.tgz",
			"integrity": "sha1-Aljq5NPQwJdN4cFpGI7wBR0dGYg="
		},
		"eventemitter3": {
			"version": "3.1.0",
			"resolved": "https://registry.npmjs.org/eventemitter3/-/eventemitter3-3.1.0.tgz",
			"integrity": "sha512-ivIvhpq/Y0uSjcHDcOIccjmYjGLcP09MFGE7ysAwkAvkXfpZlC985pH2/ui64DKazbTW/4kN3yqozUxlXzI6cA=="
		},
		"express-graphql": {
			"version": "0.6.12",
			"resolved": "https://registry.npmjs.org/express-graphql/-/express-graphql-0.6.12.tgz",
			"integrity": "sha512-ouLWV0hRw4hnaLtXzzwhdC79ewxKbY2PRvm05mPc/zOH5W5WVCHDQ1SmNxEPBQdUeeSNh29aIqW9zEQkA3kMuA==",
			"requires": {
				"accepts": "^1.3.0",
				"content-type": "^1.0.4",
				"http-errors": "^1.3.0",
				"raw-body": "^2.3.2"
			}
		},
		"extend": {
			"version": "3.0.2",
			"resolved": "https://registry.npmjs.org/extend/-/extend-3.0.2.tgz",
			"integrity": "sha512-fjquC59cD7CyW6urNXK0FBufkZcoiGG80wTuPujX590cB5Ttln20E2UB4S/WARVqhXffZl2LNgS+gQdPIIim/g=="
		},
		"extsprintf": {
			"version": "1.3.0",
			"resolved": "https://registry.npmjs.org/extsprintf/-/extsprintf-1.3.0.tgz",
			"integrity": "sha1-lpGEQOMEGnpBT4xS48V06zw+HgU="
		},
		"fast-deep-equal": {
			"version": "1.1.0",
			"resolved": "https://registry.npmjs.org/fast-deep-equal/-/fast-deep-equal-1.1.0.tgz",
			"integrity": "sha1-wFNHeBfIa1HaqFPIHgWbcz0CNhQ="
		},
		"fast-json-stable-stringify": {
			"version": "2.0.0",
			"resolved": "https://registry.npmjs.org/fast-json-stable-stringify/-/fast-json-stable-stringify-2.0.0.tgz",
			"integrity": "sha1-1RQsDK7msRifh9OnYREGT4bIu/I="
		},
		"file-type": {
			"version": "3.9.0",
			"resolved": "https://registry.npmjs.org/file-type/-/file-type-3.9.0.tgz",
			"integrity": "sha1-JXoHg4TR24CHvESdEH1SpSZyuek="
		},
		"forever-agent": {
			"version": "0.6.1",
			"resolved": "https://registry.npmjs.org/forever-agent/-/forever-agent-0.6.1.tgz",
			"integrity": "sha1-+8cfDEGt6zf5bFd60e1C2P2sypE="
		},
		"form-data": {
			"version": "2.3.2",
			"resolved": "https://registry.npmjs.org/form-data/-/form-data-2.3.2.tgz",
			"integrity": "sha1-SXBJi+YEwgwAXU9cI67NIda0kJk=",
			"requires": {
				"asynckit": "^0.4.0",
				"combined-stream": "1.0.6",
				"mime-types": "^2.1.12"
			}
		},
		"formidable": {
			"version": "1.2.1",
			"resolved": "https://registry.npmjs.org/formidable/-/formidable-1.2.1.tgz",
			"integrity": "sha512-Fs9VRguL0gqGHkXS5GQiMCr1VhZBxz0JnJs4JmMp/2jL18Fmbzvv7vOFRU+U8TBkHEE/CX1qDXzJplVULgsLeg=="
		},
		"fresh": {
			"version": "0.5.2",
			"resolved": "https://registry.npmjs.org/fresh/-/fresh-0.5.2.tgz",
			"integrity": "sha1-PYyt2Q2XZWn6g1qx+OSyOhBWBac="
		},
		"function-bind": {
			"version": "1.1.1",
			"resolved": "https://registry.npmjs.org/function-bind/-/function-bind-1.1.1.tgz",
			"integrity": "sha512-yIovAzMX49sF8Yl58fSCWJ5svSLuaibPxXQJFLmBObTuCr0Mf1KiPopGM9NiFjiYBCbfaa2Fh6breQ6ANVTI0A=="
		},
		"getpass": {
			"version": "0.1.7",
			"resolved": "https://registry.npmjs.org/getpass/-/getpass-0.1.7.tgz",
			"integrity": "sha1-Xv+OPmhNVprkyysSgmBOi6YhSfo=",
			"requires": {
				"assert-plus": "^1.0.0"
			}
		},
		"graphql": {
			"version": "14.4.2",
			"resolved": "https://registry.npmjs.org/graphql/-/graphql-14.4.2.tgz",
			"integrity": "sha512-6uQadiRgnpnSS56hdZUSvFrVcQ6OF9y6wkxJfKquFtHlnl7+KSuWwSJsdwiK1vybm1HgcdbpGkCpvhvsVQ0UZQ==",
			"requires": {
				"iterall": "^1.2.2"
			}
		},
		"har-schema": {
			"version": "2.0.0",
			"resolved": "https://registry.npmjs.org/har-schema/-/har-schema-2.0.0.tgz",
			"integrity": "sha1-qUwiJOvKwEeCoNkDVSHyRzW37JI="
		},
		"har-validator": {
			"version": "5.1.0",
			"resolved": "https://registry.npmjs.org/har-validator/-/har-validator-5.1.0.tgz",
			"integrity": "sha512-+qnmNjI4OfH2ipQ9VQOw23bBd/ibtfbVdK2fYbY4acTDqKTW/YDp9McimZdDbG8iV9fZizUqQMD5xvriB146TA==",
			"requires": {
				"ajv": "^5.3.0",
				"har-schema": "^2.0.0"
			}
		},
		"has": {
			"version": "1.0.3",
			"resolved": "https://registry.npmjs.org/has/-/has-1.0.3.tgz",
			"integrity": "sha512-f2dvO0VU6Oej7RkWJGrehjbzMAjFp5/VKPp5tTpWIV4JHHZK1/BxbFRtf/siA2SWTe09caDmVtYYzWEIbBS4zw==",
			"requires": {
				"function-bind": "^1.1.1"
			}
		},
		"http-assert": {
			"version": "1.3.0",
			"resolved": "https://registry.npmjs.org/http-assert/-/http-assert-1.3.0.tgz",
			"integrity": "sha1-oxpc+IyHPsu1eWkH1NbxMujAHko=",
			"requires": {
				"deep-equal": "~1.0.1",
				"http-errors": "~1.6.1"
			},
			"dependencies": {
				"http-errors": {
					"version": "1.6.3",
					"resolved": "https://registry.npmjs.org/http-errors/-/http-errors-1.6.3.tgz",
					"integrity": "sha1-i1VoC7S+KDoLW/TqLjhYC+HZMg0=",
					"requires": {
						"depd": "~1.1.2",
						"inherits": "2.0.3",
						"setprototypeof": "1.1.0",
						"statuses": ">= 1.4.0 < 2"
					}
				}
			}
		},
		"http-errors": {
			"version": "1.7.0",
			"resolved": "https://registry.npmjs.org/http-errors/-/http-errors-1.7.0.tgz",
			"integrity": "sha512-hz3BtSHB7Z6dNWzYc+gUbWqG4dIpJedwwOhe1cvGUq5tGmcTTIRkPiAbyh/JlZx+ksSJyGJlgcHo5jGahiXnKw==",
			"requires": {
				"depd": "~1.1.2",
				"inherits": "2.0.3",
				"setprototypeof": "1.1.0",
				"statuses": ">= 1.5.0 < 2",
				"toidentifier": "1.0.0"
			}
		},
		"http-signature": {
			"version": "1.2.0",
			"resolved": "https://registry.npmjs.org/http-signature/-/http-signature-1.2.0.tgz",
			"integrity": "sha1-muzZJRFHcvPZW2WmCruPfBj7rOE=",
			"requires": {
				"assert-plus": "^1.0.0",
				"jsprim": "^1.2.2",
				"sshpk": "^1.7.0"
			}
		},
		"iconv-lite": {
			"version": "0.4.23",
			"resolved": "https://registry.npmjs.org/iconv-lite/-/iconv-lite-0.4.23.tgz",
			"integrity": "sha512-neyTUVFtahjf0mB3dZT77u+8O0QB89jFdnBkd5P1JgYPbPaia3gXXOVL2fq8VyU2gMMD7SaN7QukTB/pmXYvDA==",
			"requires": {
				"safer-buffer": ">= 2.1.2 < 3"
			}
		},
		"inflation": {
			"version": "2.0.0",
			"resolved": "https://registry.npmjs.org/inflation/-/inflation-2.0.0.tgz",
			"integrity": "sha1-i0F+R8KPklpFEz2RTKH9OJEH8w8="
		},
		"inherits": {
			"version": "2.0.3",
			"resolved": "https://registry.npmjs.org/inherits/-/inherits-2.0.3.tgz",
			"integrity": "sha1-Yzwsg+PaQqUC9SRmAiSA9CCCYd4="
		},
		"ioredis": {
			"version": "4.11.1",
			"resolved": "https://registry.npmjs.org/ioredis/-/ioredis-4.11.1.tgz",
			"integrity": "sha512-Qnp7ecb3WeaL7ojeSlb0UBRXmsRMMFcjM+PaAcap8FLLf1NznRD6x96/PS2DEqoRfdM9WVffAjIIYuUp+q3zEw==",
			"requires": {
				"cluster-key-slot": "^1.0.6",
				"debug": "^4.1.1",
				"denque": "^1.1.0",
				"lodash.defaults": "^4.2.0",
				"lodash.flatten": "^4.4.0",
				"redis-commands": "1.5.0",
				"redis-errors": "^1.2.0",
				"redis-parser": "^3.0.0",
				"standard-as-callback": "^2.0.1"
			},
			"dependencies": {
				"debug": {
					"version": "4.1.1",
					"resolved": "https://registry.npmjs.org/debug/-/debug-4.1.1.tgz",
					"integrity": "sha512-pYAIzeRo8J6KPEaJ0VWOh5Pzkbw/RetuzehGM7QRRX5he4fPHx2rdKMB256ehJCkX+XRQm16eZLqLNS8RSZXZw==",
					"requires": {
						"ms": "^2.1.1"
					}
				},
				"ms": {
					"version": "2.1.2",
					"resolved": "https://registry.npmjs.org/ms/-/ms-2.1.2.tgz",
					"integrity": "sha512-sGkPx+VjMtmA6MX27oA4FBFELFCZZ4S4XqeGOXCv68tT+jb3vk/RyaKWP0PTKyWtmLSM0b+adUTEvbs1PEaH2w=="
				}
			}
		},
		"is-callable": {
			"version": "1.1.4",
			"resolved": "https://registry.npmjs.org/is-callable/-/is-callable-1.1.4.tgz",
			"integrity": "sha512-r5p9sxJjYnArLjObpjA4xu5EKI3CuKHkJXMhT7kwbpUyIFD1n5PMAsoPvWnvtZiNz7LjkYDRZhd7FlI0eMijEA=="
		},
		"is-date-object": {
			"version": "1.0.1",
			"resolved": "https://registry.npmjs.org/is-date-object/-/is-date-object-1.0.1.tgz",
			"integrity": "sha1-mqIOtq7rv/d/vTPnTKAbM1gdOhY="
		},
		"is-generator-function": {
			"version": "1.0.7",
			"resolved": "https://registry.npmjs.org/is-generator-function/-/is-generator-function-1.0.7.tgz",
			"integrity": "sha512-YZc5EwyO4f2kWCax7oegfuSr9mFz1ZvieNYBEjmukLxgXfBUbxAWGVF7GZf0zidYtoBl3WvC07YK0wT76a+Rtw=="
		},
		"is-regex": {
			"version": "1.0.4",
			"resolved": "https://registry.npmjs.org/is-regex/-/is-regex-1.0.4.tgz",
			"integrity": "sha1-VRdIm1RwkbCTDglWVM7SXul+lJE=",
			"requires": {
				"has": "^1.0.1"
			}
		},
		"is-symbol": {
			"version": "1.0.1",
			"resolved": "https://registry.npmjs.org/is-symbol/-/is-symbol-1.0.1.tgz",
			"integrity": "sha1-PMWfAAJRlLarLjjbrmaJJWtmBXI="
		},
		"is-typedarray": {
			"version": "1.0.0",
			"resolved": "https://registry.npmjs.org/is-typedarray/-/is-typedarray-1.0.0.tgz",
			"integrity": "sha1-5HnICFjfDBsR3dppQPlgEfzaSpo="
		},
		"isarray": {
			"version": "1.0.0",
			"resolved": "https://registry.npmjs.org/isarray/-/isarray-1.0.0.tgz",
			"integrity": "sha1-u5NdSFgsuhaMBoNJV6VKPgcSTxE="
		},
		"isstream": {
			"version": "0.1.2",
			"resolved": "https://registry.npmjs.org/isstream/-/isstream-0.1.2.tgz",
			"integrity": "sha1-R+Y/evVa+m+S4VAOaQ64uFKcCZo="
		},
		"iterall": {
			"version": "1.2.2",
			"resolved": "https://registry.npmjs.org/iterall/-/iterall-1.2.2.tgz",
			"integrity": "sha512-yynBb1g+RFUPY64fTrFv7nsjRrENBQJaX2UL+2Szc9REFrSNm1rpSXHGzhmAy7a9uv3vlvgBlXnf9RqmPH1/DA=="
		},
		"jsbn": {
			"version": "0.1.1",
			"resolved": "https://registry.npmjs.org/jsbn/-/jsbn-0.1.1.tgz",
			"integrity": "sha1-peZUwuWi3rXyAdls77yoDA7y9RM=",
			"optional": true
		},
		"json-schema": {
			"version": "0.2.3",
			"resolved": "https://registry.npmjs.org/json-schema/-/json-schema-0.2.3.tgz",
			"integrity": "sha1-tIDIkuWaLwWVTOcnvT8qTogvnhM="
		},
		"json-schema-traverse": {
			"version": "0.3.1",
			"resolved": "https://registry.npmjs.org/json-schema-traverse/-/json-schema-traverse-0.3.1.tgz",
			"integrity": "sha1-NJptRMU6Ud6JtAgFxdXlm0F9M0A="
		},
		"json-stringify-safe": {
			"version": "5.0.1",
			"resolved": "https://registry.npmjs.org/json-stringify-safe/-/json-stringify-safe-5.0.1.tgz",
			"integrity": "sha1-Epai1Y/UXxmg9s4B1lcB4sc1tus="
		},
		"jsprim": {
			"version": "1.4.1",
			"resolved": "https://registry.npmjs.org/jsprim/-/jsprim-1.4.1.tgz",
			"integrity": "sha1-MT5mvB5cwG5Di8G3SZwuXFastqI=",
			"requires": {
				"assert-plus": "1.0.0",
				"extsprintf": "1.3.0",
				"json-schema": "0.2.3",
				"verror": "1.10.0"
			}
		},
		"keygrip": {
			"version": "1.0.2",
			"resolved": "https://registry.npmjs.org/keygrip/-/keygrip-1.0.2.tgz",
			"integrity": "sha1-rTKXxVcGneqLz+ek+kkbdcXd65E="
		},
		"koa": {
			"version": "2.5.2",
			"resolved": "https://registry.npmjs.org/koa/-/koa-2.5.2.tgz",
			"integrity": "sha512-MoVGWre9g3p35pCqXNhOT/a4trwK5CGvalIoPi7qOA2RCZaep3GCsa/G/tD9QMjQI7bmVWn3XF3SOau8RkPh6w==",
			"requires": {
				"accepts": "^1.3.5",
				"cache-content-type": "^1.0.0",
				"content-disposition": "~0.5.2",
				"content-type": "^1.0.4",
				"cookies": "~0.7.1",
				"debug": "^3.1.0",
				"delegates": "^1.0.0",
				"depd": "^1.1.2",
				"destroy": "^1.0.4",
				"error-inject": "^1.0.0",
				"escape-html": "^1.0.3",
				"fresh": "~0.5.2",
				"http-assert": "^1.3.0",
				"http-errors": "^1.6.3",
				"is-generator-function": "^1.0.7",
				"koa-compose": "^4.1.0",
				"koa-convert": "^1.2.0",
				"koa-is-json": "^1.0.0",
				"on-finished": "^2.3.0",
				"only": "~0.0.2",
				"parseurl": "^1.3.2",
				"statuses": "^1.5.0",
				"type-is": "^1.6.16",
				"vary": "^1.1.2"
			}
		},
		"koa-body": {
			"version": "4.0.4",
			"resolved": "https://registry.npmjs.org/koa-body/-/koa-body-4.0.4.tgz",
			"integrity": "sha512-TXdekZdjYuwc33bWQ7LAlihjvU6Y/3rk80rYoxG0dTQSt14uSXYVy78jxxQh/lWqGwLYS+i8sR2E8vYMwheD0A==",
			"requires": {
				"@types/formidable": "^1.0.31",
				"co-body": "^5.1.1",
				"formidable": "^1.1.1"
			}
		},
		"koa-compose": {
			"version": "4.1.0",
			"resolved": "https://registry.npmjs.org/koa-compose/-/koa-compose-4.1.0.tgz",
			"integrity": "sha512-8ODW8TrDuMYvXRwra/Kh7/rJo9BtOfPc6qO8eAfC80CnCvSjSl0bkRM24X6/XBBEyj0v1nRUQ1LyOy3dbqOWXw=="
		},
		"koa-convert": {
			"version": "1.2.0",
			"resolved": "https://registry.npmjs.org/koa-convert/-/koa-convert-1.2.0.tgz",
			"integrity": "sha1-2kCHXfSd4FOQmNFwC1CCDOvNIdA=",
			"requires": {
				"co": "^4.6.0",
				"koa-compose": "^3.0.0"
			},
			"dependencies": {
				"koa-compose": {
					"version": "3.2.1",
					"resolved": "https://registry.npmjs.org/koa-compose/-/koa-compose-3.2.1.tgz",
					"integrity": "sha1-qFzLQLfZhtjlo0Wzoazo6rz1Tec=",
					"requires": {
						"any-promise": "^1.1.0"
					}
				}
			}
		},
		"koa-graphql": {
			"version": "0.7.5",
			"resolved": "https://registry.npmjs.org/koa-graphql/-/koa-graphql-0.7.5.tgz",
			"integrity": "sha512-lTiNFD7GlSIPzYA5tHMOlAhOsp0ACI9MJjoASq2FR5GC5hScluFgZHgmGW/lCV/H+Apoct5B5Cn+ByHRlY3sWA==",
			"requires": {
				"babel-runtime": "^6.25.0",
				"express-graphql": "^0.6.11",
				"http-errors": "^1.6.2",
				"thenify": "^3.3.0"
			}
		},
		"koa-is-json": {
			"version": "1.0.0",
			"resolved": "https://registry.npmjs.org/koa-is-json/-/koa-is-json-1.0.0.tgz",
			"integrity": "sha1-JzwH7c3Ljfaiwat9We52SRRR7BQ="
		},
		"koa-mount": {
			"version": "3.0.0",
			"resolved": "https://registry.npmjs.org/koa-mount/-/koa-mount-3.0.0.tgz",
			"integrity": "sha1-CMqzuD0xRC7Yt+dcVLGr65IuwZc=",
			"requires": {
				"debug": "^2.6.1",
				"koa-compose": "^3.2.1"
			},
			"dependencies": {
				"debug": {
					"version": "2.6.9",
					"resolved": "https://registry.npmjs.org/debug/-/debug-2.6.9.tgz",
					"integrity": "sha512-bC7ElrdJaJnPbAP+1EotYvqZsb3ecl5wi6Bfi6BJTUcNowp6cvspg0jXznRTKDjm/E7AdgFBVeAPVMNcKGsHMA==",
					"requires": {
						"ms": "2.0.0"
					}
				},
				"koa-compose": {
					"version": "3.2.1",
					"resolved": "https://registry.npmjs.org/koa-compose/-/koa-compose-3.2.1.tgz",
					"integrity": "sha1-qFzLQLfZhtjlo0Wzoazo6rz1Tec=",
					"requires": {
						"any-promise": "^1.1.0"
					}
				}
			}
		},
		"lodash": {
			"version": "4.17.10",
			"resolved": "https://registry.npmjs.org/lodash/-/lodash-4.17.10.tgz",
			"integrity": "sha512-UejweD1pDoXu+AD825lWwp4ZGtSwgnpZxb3JDViD7StjQz+Nb/6l093lx4OQ0foGWNRoc19mWy7BzL+UAK2iVg=="
		},
		"lodash.defaults": {
			"version": "4.2.0",
			"resolved": "https://registry.npmjs.org/lodash.defaults/-/lodash.defaults-4.2.0.tgz",
			"integrity": "sha1-0JF4cW/+pN3p5ft7N/bwgCJ0WAw="
		},
		"lodash.flatten": {
			"version": "4.4.0",
			"resolved": "https://registry.npmjs.org/lodash.flatten/-/lodash.flatten-4.4.0.tgz",
			"integrity": "sha1-8xwiIlqWMtK7+OSt2+8kCqdlph8="
		},
		"media-typer": {
			"version": "0.3.0",
			"resolved": "https://registry.npmjs.org/media-typer/-/media-typer-0.3.0.tgz",
			"integrity": "sha1-hxDXrwqmJvj/+hzgAWhUUmMlV0g="
		},
		"memory-cache": {
			"version": "0.2.0",
			"resolved": "https://registry.npmjs.org/memory-cache/-/memory-cache-0.2.0.tgz",
			"integrity": "sha1-eJCwHVLADI68nVM+H46xfjA0hxo="
		},
		"mime": {
			"version": "1.6.0",
			"resolved": "https://registry.npmjs.org/mime/-/mime-1.6.0.tgz",
			"integrity": "sha512-x0Vn8spI+wuJ1O6S7gnbaQg8Pxh4NNHb7KSINmEWKiPE4RKOplvijn+NkmYmmRgP68mc70j2EbeTFRsrswaQeg=="
		},
		"mime-db": {
			"version": "1.35.0",
			"resolved": "https://registry.npmjs.org/mime-db/-/mime-db-1.35.0.tgz",
			"integrity": "sha512-JWT/IcCTsB0Io3AhWUMjRqucrHSPsSf2xKLaRldJVULioggvkJvggZ3VXNNSRkCddE6D+BUI4HEIZIA2OjwIvg=="
		},
		"mime-types": {
			"version": "2.1.19",
			"resolved": "https://registry.npmjs.org/mime-types/-/mime-types-2.1.19.tgz",
			"integrity": "sha512-P1tKYHVSZ6uFo26mtnve4HQFE3koh1UWVkp8YUC+ESBHe945xWSoXuHHiGarDqcEZ+whpCDnlNw5LON0kLo+sw==",
			"requires": {
				"mime-db": "~1.35.0"
			}
		},
		"ms": {
			"version": "2.0.0",
			"resolved": "https://registry.npmjs.org/ms/-/ms-2.0.0.tgz",
			"integrity": "sha1-VgiurfwAvmwpAd9fmGF4jeDVl8g="
		},
		"nan": {
			"version": "2.10.0",
			"resolved": "https://registry.npmjs.org/nan/-/nan-2.10.0.tgz",
			"integrity": "sha512-bAdJv7fBLhWC+/Bls0Oza+mvTaNQtP+1RyhhhvD95pgUJz6XM5IzgmxOkItJ9tkoCiplvAnXI1tNmmUD/eScyA=="
		},
		"negotiator": {
			"version": "0.6.1",
			"resolved": "https://registry.npmjs.org/negotiator/-/negotiator-0.6.1.tgz",
			"integrity": "sha1-KzJxhOiZIQEXeyhWP7XnECrNDKk="
		},
		"node-fetch": {
			"version": "2.6.0",
			"resolved": "https://registry.npmjs.org/node-fetch/-/node-fetch-2.6.0.tgz",
			"integrity": "sha512-8dG4H5ujfvFiqDmVu9fQ5bOHUC15JMjMY/Zumv26oOvvVJjM67KF8koCWIabKQ1GJIa9r2mMZscBq/TbdOcmNA=="
		},
		"node-telegram-bot-api": {
			"version": "0.30.0",
			"resolved": "https://registry.npmjs.org/node-telegram-bot-api/-/node-telegram-bot-api-0.30.0.tgz",
			"integrity": "sha512-+EeM+fe3Xt81KIPqN3L6s6eK+FK4QaqyDcwCwkY/jqsleERXwwjGlVbf4lJCOZ0uJuF5PfqTmvVNtua7AZfBXg==",
			"requires": {
				"array.prototype.findindex": "^2.0.2",
				"bl": "^1.2.1",
				"bluebird": "^3.5.1",
				"debug": "^3.1.0",
				"depd": "^1.1.1",
				"eventemitter3": "^3.0.0",
				"file-type": "^3.9.0",
				"mime": "^1.6.0",
				"pump": "^2.0.0",
				"request": "^2.83.0",
				"request-promise": "^4.2.2"
			}
		},
		"oauth-sign": {
			"version": "0.9.0",
			"resolved": "https://registry.npmjs.org/oauth-sign/-/oauth-sign-0.9.0.tgz",
			"integrity": "sha512-fexhUFFPTGV8ybAtSIGbV6gOkSv8UtRbDBnAyLQw4QPKkgNlsH2ByPGtMUqdWkos6YCRmAqViwgZrJc/mRDzZQ=="
		},
		"object-keys": {
			"version": "1.0.12",
			"resolved": "https://registry.npmjs.org/object-keys/-/object-keys-1.0.12.tgz",
			"integrity": "sha512-FTMyFUm2wBcGHnH2eXmz7tC6IwlqQZ6mVZ+6dm6vZ4IQIHjs6FdNsQBuKGPuUUUY6NfJw2PshC08Tn6LzLDOag=="
		},
		"on-finished": {
			"version": "2.3.0",
			"resolved": "https://registry.npmjs.org/on-finished/-/on-finished-2.3.0.tgz",
			"integrity": "sha1-IPEzZIGwg811M3mSoWlxqi2QaUc=",
			"requires": {
				"ee-first": "1.1.1"
			}
		},
		"once": {
			"version": "1.4.0",
			"resolved": "https://registry.npmjs.org/once/-/once-1.4.0.tgz",
			"integrity": "sha1-WDsap3WWHUsROsF9nFC6753Xa9E=",
			"requires": {
				"wrappy": "1"
			}
		},
		"only": {
			"version": "0.0.2",
			"resolved": "https://registry.npmjs.org/only/-/only-0.0.2.tgz",
			"integrity": "sha1-Kv3oTQPlC5qO3EROMGEKcCle37Q="
		},
		"parseurl": {
			"version": "1.3.2",
			"resolved": "https://registry.npmjs.org/parseurl/-/parseurl-1.3.2.tgz",
			"integrity": "sha1-/CidTtiZMRlGDBViUyYs3I3mW/M="
		},
		"performance-now": {
			"version": "2.1.0",
			"resolved": "https://registry.npmjs.org/performance-now/-/performance-now-2.1.0.tgz",
			"integrity": "sha1-Ywn04OX6kT7BxpMHrjZLSzd8nns="
		},
		"process-nextick-args": {
			"version": "2.0.0",
			"resolved": "https://registry.npmjs.org/process-nextick-args/-/process-nextick-args-2.0.0.tgz",
			"integrity": "sha512-MtEC1TqN0EU5nephaJ4rAtThHtC86dNN9qCuEhtshvpVBkAW5ZO7BASN9REnF9eoXGcRub+pFuKEpOHE+HbEMw=="
		},
		"psl": {
			"version": "1.1.29",
			"resolved": "https://registry.npmjs.org/psl/-/psl-1.1.29.tgz",
			"integrity": "sha512-AeUmQ0oLN02flVHXWh9sSJF7mcdFq0ppid/JkErufc3hGIV/AMa8Fo9VgDo/cT2jFdOWoFvHp90qqBH54W+gjQ=="
		},
		"pump": {
			"version": "2.0.1",
			"resolved": "https://registry.npmjs.org/pump/-/pump-2.0.1.tgz",
			"integrity": "sha512-ruPMNRkN3MHP1cWJc9OWr+T/xDP0jhXYCLfJcBuX54hhfIBnaQmAUMfDcG4DM5UMWByBbJY69QSphm3jtDKIkA==",
			"requires": {
				"end-of-stream": "^1.1.0",
				"once": "^1.3.1"
			}
		},
		"punycode": {
			"version": "1.4.1",
			"resolved": "https://registry.npmjs.org/punycode/-/punycode-1.4.1.tgz",
			"integrity": "sha1-wNWmOycYgArY4esPpSachN1BhF4="
		},
		"qs": {
			"version": "6.5.2",
			"resolved": "https://registry.npmjs.org/qs/-/qs-6.5.2.tgz",
			"integrity": "sha512-N5ZAX4/LxJmF+7wN74pUD6qAh9/wnvdQcjq9TZjevvXzSUo7bfmw91saqMjzGS2xq91/odN2dW/WOl7qQHNDGA=="
		},
		"rate-limiter-flexible": {
			"version": "1.0.3",
			"resolved": "https://registry.npmjs.org/rate-limiter-flexible/-/rate-limiter-flexible-1.0.3.tgz",
			"integrity": "sha512-k809ywLbjJTiNu5Xai07oKMpH3DORFzCXkXgnSPEP7/NjKdXsgtfQuYHBCUZ363M3+nwXDXUSqBGP8fC1IdU5w=="
		},
		"raw-body": {
			"version": "2.3.3",
			"resolved": "https://registry.npmjs.org/raw-body/-/raw-body-2.3.3.tgz",
			"integrity": "sha512-9esiElv1BrZoI3rCDuOuKCBRbuApGGaDPQfjSflGxdy4oyzqghxu6klEkkVIvBje+FF0BX9coEv8KqW6X/7njw==",
			"requires": {
				"bytes": "3.0.0",
				"http-errors": "1.6.3",
				"iconv-lite": "0.4.23",
				"unpipe": "1.0.0"
			},
			"dependencies": {
				"http-errors": {
					"version": "1.6.3",
					"resolved": "https://registry.npmjs.org/http-errors/-/http-errors-1.6.3.tgz",
					"integrity": "sha1-i1VoC7S+KDoLW/TqLjhYC+HZMg0=",
					"requires": {
						"depd": "~1.1.2",
						"inherits": "2.0.3",
						"setprototypeof": "1.1.0",
						"statuses": ">= 1.4.0 < 2"
					}
				}
			}
		},
		"readable-stream": {
			"version": "2.3.6",
			"resolved": "https://registry.npmjs.org/readable-stream/-/readable-stream-2.3.6.tgz",
			"integrity": "sha512-tQtKA9WIAhBF3+VLAseyMqZeBjW0AHJoxOtYqSUZNJxauErmLbVm2FW1y+J/YA9dUrAC39ITejlZWhVIwawkKw==",
			"requires": {
				"core-util-is": "~1.0.0",
				"inherits": "~2.0.3",
				"isarray": "~1.0.0",
				"process-nextick-args": "~2.0.0",
				"safe-buffer": "~5.1.1",
				"string_decoder": "~1.1.1",
				"util-deprecate": "~1.0.1"
			}
		},
		"redis-commands": {
			"version": "1.5.0",
			"resolved": "https://registry.npmjs.org/redis-commands/-/redis-commands-1.5.0.tgz",
			"integrity": "sha512-6KxamqpZ468MeQC3bkWmCB1fp56XL64D4Kf0zJSwDZbVLLm7KFkoIcHrgRvQ+sk8dnhySs7+yBg94yIkAK7aJg=="
		},
		"redis-errors": {
			"version": "1.2.0",
			"resolved": "https://registry.npmjs.org/redis-errors/-/redis-errors-1.2.0.tgz",
			"integrity": "sha1-62LSrbFeTq9GEMBK/hUpOEJQq60="
		},
		"redis-parser": {
			"version": "3.0.0",
			"resolved": "https://registry.npmjs.org/redis-parser/-/redis-parser-3.0.0.tgz",
			"integrity": "sha1-tm2CjNyv5rS4pCin3vTGvKwxyLQ=",
			"requires": {
				"redis-errors": "^1.0.0"
			}
		},
		"regenerator-runtime": {
			"version": "0.11.1",
			"resolved": "https://registry.npmjs.org/regenerator-runtime/-/regenerator-runtime-0.11.1.tgz",
			"integrity": "sha512-MguG95oij0fC3QV3URf4V2SDYGJhJnJGqvIIgdECeODCT98wSWDAJ94SSuVpYQUoTcGUIL6L4yNB7j1DFFHSBg=="
		},
		"request": {
			"version": "2.88.0",
			"resolved": "https://registry.npmjs.org/request/-/request-2.88.0.tgz",
			"integrity": "sha512-NAqBSrijGLZdM0WZNsInLJpkJokL72XYjUpnB0iwsRgxh7dB6COrHnTBNwN0E+lHDAJzu7kLAkDeY08z2/A0hg==",
			"requires": {
				"aws-sign2": "~0.7.0",
				"aws4": "^1.8.0",
				"caseless": "~0.12.0",
				"combined-stream": "~1.0.6",
				"extend": "~3.0.2",
				"forever-agent": "~0.6.1",
				"form-data": "~2.3.2",
				"har-validator": "~5.1.0",
				"http-signature": "~1.2.0",
				"is-typedarray": "~1.0.0",
				"isstream": "~0.1.2",
				"json-stringify-safe": "~5.0.1",
				"mime-types": "~2.1.19",
				"oauth-sign": "~0.9.0",
				"performance-now": "^2.1.0",
				"qs": "~6.5.2",
				"safe-buffer": "^5.1.2",
				"tough-cookie": "~2.4.3",
				"tunnel-agent": "^0.6.0",
				"uuid": "^3.3.2"
			}
		},
		"request-promise": {
			"version": "4.2.2",
			"resolved": "https://registry.npmjs.org/request-promise/-/request-promise-4.2.2.tgz",
			"integrity": "sha1-0epG1lSm7k+O5qT+oQGMIpEZBLQ=",
			"requires": {
				"bluebird": "^3.5.0",
				"request-promise-core": "1.1.1",
				"stealthy-require": "^1.1.0",
				"tough-cookie": ">=2.3.3"
			}
		},
		"request-promise-core": {
			"version": "1.1.1",
			"resolved": "https://registry.npmjs.org/request-promise-core/-/request-promise-core-1.1.1.tgz",
			"integrity": "sha1-Pu4AssWqgyOc+wTFcA2jb4HNCLY=",
			"requires": {
				"lodash": "^4.13.1"
			}
		},
		"safe-buffer": {
			"version": "5.1.2",
			"resolved": "https://registry.npmjs.org/safe-buffer/-/safe-buffer-5.1.2.tgz",
			"integrity": "sha512-Gd2UZBJDkXlY7GbJxfsE8/nvKkUEU1G38c1siN6QP6a9PT9MmHB8GnpscSmMJSoF8LOIrt8ud/wPtojys4G6+g=="
		},
		"safer-buffer": {
			"version": "2.1.2",
			"resolved": "https://registry.npmjs.org/safer-buffer/-/safer-buffer-2.1.2.tgz",
			"integrity": "sha512-YZo3K82SD7Riyi0E1EQPojLz7kpepnSQI9IyPbHHg1XXXevb5dJI7tpyN2ADxGcQbHG7vcyRHk0cbwqcQriUtg=="
		},
		"setprototypeof": {
			"version": "1.1.0",
			"resolved": "https://registry.npmjs.org/setprototypeof/-/setprototypeof-1.1.0.tgz",
			"integrity": "sha512-BvE/TwpZX4FXExxOxZyRGQQv651MSwmWKZGqvmPcRIjDqWub67kTKuIMx43cZZrS/cBBzwBcNDWoFxt2XEFIpQ=="
		},
		"sshpk": {
			"version": "1.14.2",
			"resolved": "https://registry.npmjs.org/sshpk/-/sshpk-1.14.2.tgz",
			"integrity": "sha1-xvxhZIo9nE52T9P8306hBeSSupg=",
			"requires": {
				"asn1": "~0.2.3",
				"assert-plus": "^1.0.0",
				"bcrypt-pbkdf": "^1.0.0",
				"dashdash": "^1.12.0",
				"ecc-jsbn": "~0.1.1",
				"getpass": "^0.1.1",
				"jsbn": "~0.1.0",
				"safer-buffer": "^2.0.2",
				"tweetnacl": "~0.14.0"
			}
		},
		"standard-as-callback": {
			"version": "2.0.1",
			"resolved": "https://registry.npmjs.org/standard-as-callback/-/standard-as-callback-2.0.1.tgz",
			"integrity": "sha512-NQOxSeB8gOI5WjSaxjBgog2QFw55FV8TkS6Y07BiB3VJ8xNTvUYm0wl0s8ObgQ5NhdpnNfigMIKjgPESzgr4tg=="
		},
		"statuses": {
			"version": "1.5.0",
			"resolved": "https://registry.npmjs.org/statuses/-/statuses-1.5.0.tgz",
			"integrity": "sha1-Fhx9rBd2Wf2YEfQ3cfqZOBR4Yow="
		},
		"stealthy-require": {
			"version": "1.1.1",
			"resolved": "https://registry.npmjs.org/stealthy-require/-/stealthy-require-1.1.1.tgz",
			"integrity": "sha1-NbCYdbT/SfJqd35QmzCQoyJr8ks="
		},
		"string_decoder": {
			"version": "1.1.1",
			"resolved": "https://registry.npmjs.org/string_decoder/-/string_decoder-1.1.1.tgz",
			"integrity": "sha512-n/ShnvDi6FHbbVfviro+WojiFzv+s8MPMHBczVePfUpDJLwoLT0ht1l4YwBCbi8pJAveEEdnkHyPyTP/mzRfwg==",
			"requires": {
				"safe-buffer": "~5.1.0"
			}
		},
		"thenify": {
			"version": "3.3.0",
			"resolved": "https://registry.npmjs.org/thenify/-/thenify-3.3.0.tgz",
			"integrity": "sha1-5p44obq+lpsBCCB5eLn2K4hgSDk=",
			"requires": {
				"any-promise": "^1.0.0"
			}
		},
		"toidentifier": {
			"version": "1.0.0",
			"resolved": "https://registry.npmjs.org/toidentifier/-/toidentifier-1.0.0.tgz",
			"integrity": "sha512-yaOH/Pk/VEhBWWTlhI+qXxDFXlejDGcQipMlyxda9nthulaxLZUNcUqFxokp0vcYnvteJln5FNQDRrxj3YcbVw=="
		},
		"tough-cookie": {
			"version": "2.4.3",
			"resolved": "https://registry.npmjs.org/tough-cookie/-/tough-cookie-2.4.3.tgz",
			"integrity": "sha512-Q5srk/4vDM54WJsJio3XNn6K2sCG+CQ8G5Wz6bZhRZoAe/+TxjWB/GlFAnYEbkYVlON9FMk/fE3h2RLpPXo4lQ==",
			"requires": {
				"psl": "^1.1.24",
				"punycode": "^1.4.1"
			}
		},
		"tunnel-agent": {
			"version": "0.6.0",
			"resolved": "https://registry.npmjs.org/tunnel-agent/-/tunnel-agent-0.6.0.tgz",
			"integrity": "sha1-J6XeoGs2sEoKmWZ3SykIaPD8QP0=",
			"requires": {
				"safe-buffer": "^5.0.1"
			}
		},
		"tweetnacl": {
			"version": "0.14.5",
			"resolved": "https://registry.npmjs.org/tweetnacl/-/tweetnacl-0.14.5.tgz",
			"integrity": "sha1-WuaBd/GS1EViadEIr6k/+HQ/T2Q=",
			"optional": true
		},
		"type-is": {
			"version": "1.6.16",
			"resolved": "https://registry.npmjs.org/type-is/-/type-is-1.6.16.tgz",
			"integrity": "sha512-HRkVv/5qY2G6I8iab9cI7v1bOIdhm94dVjQCPFElW9W+3GeDOSHmy2EBYe4VTApuzolPcmgFTN3ftVJRKR2J9Q==",
			"requires": {
				"media-typer": "0.3.0",
				"mime-types": "~2.1.18"
			}
		},
		"unpipe": {
			"version": "1.0.0",
			"resolved": "https://registry.npmjs.org/unpipe/-/unpipe-1.0.0.tgz",
			"integrity": "sha1-sr9O6FFKrmFltIF4KdIbLvSZBOw="
		},
		"util-deprecate": {
			"version": "1.0.2",
			"resolved": "https://registry.npmjs.org/util-deprecate/-/util-deprecate-1.0.2.tgz",
			"integrity": "sha1-RQ1Nyfpw3nMnYvvS1KKJgUGaDM8="
		},
		"uuid": {
			"version": "3.3.2",
			"resolved": "https://registry.npmjs.org/uuid/-/uuid-3.3.2.tgz",
			"integrity": "sha512-yXJmeNaw3DnnKAOKJE51sL/ZaYfWJRl1pK9dr19YFCu0ObS231AB1/LbqTKRAQ5kw8A90rA6fr4riOUpTZvQZA=="
		},
		"vary": {
			"version": "1.1.2",
			"resolved": "https://registry.npmjs.org/vary/-/vary-1.1.2.tgz",
			"integrity": "sha1-IpnwLG3tMNSllhsLn3RSShj2NPw="
		},
		"verror": {
			"version": "1.10.0",
			"resolved": "https://registry.npmjs.org/verror/-/verror-1.10.0.tgz",
			"integrity": "sha1-OhBcoXBTr1XW4nDB+CiGguGNpAA=",
			"requires": {
				"assert-plus": "^1.0.0",
				"core-util-is": "1.0.2",
				"extsprintf": "^1.2.0"
			}
		},
		"vm2": {
			"version": "3.8.2",
			"resolved": "https://registry.npmjs.org/vm2/-/vm2-3.8.2.tgz",
			"integrity": "sha512-FE9slf0o4YoD2Jf7VEjytHTac2SMt2J4ahf9Tw9YLLVqJm0DQiMpmN+I0+RsnOZ0kb7PyeR1rLxathXZWJ23kg=="
		},
		"wrappy": {
			"version": "1.0.2",
			"resolved": "https://registry.npmjs.org/wrappy/-/wrappy-1.0.2.tgz",
			"integrity": "sha1-tSQ9jz7BqjXxNkYFvA0QNuMKtp8="
		},
		"xfetch-js": {
			"version": "0.1.6",
			"resolved": "https://registry.npmjs.org/xfetch-js/-/xfetch-js-0.1.6.tgz",
			"integrity": "sha512-jJz+lr+LD+/XCQFtPI5yyGOIXHyW+UY04ZzZNn3uE58SHA0e9FuHqVz1cHEMc/AFQvyzh3ngnXKVlohLFINOZA==",
			"requires": {
				"node-fetch": "^2.2.0"
			}
		},
		"ylru": {
			"version": "1.2.1",
			"resolved": "https://registry.npmjs.org/ylru/-/ylru-1.2.1.tgz",
			"integrity": "sha512-faQrqNMzcPCHGVC2aaOINk13K+aaBDUPjGWl0teOXywElLjyVAB6Oe2jj62jHYtwsU49jXhScYbvPENK+6zAvQ=="
		}
	}
}
